
Microsoft Visual Studio Solution File, Format Version 12.00
# Visual Studio Version 17
VisualStudioVersion = 17.14.36127.28
MinimumVisualStudioVersion = 10.0.40219.1
Project("{FAE04EC0-301F-11D3-BF4B-00C04F79EFBC}") = "ATM.API.Web", "ATM.API\ATM.API.Web.csproj", "{06059E60-CC5B-40E4-968D-9DB33CAD6100}"
EndProject
Project("{FAE04EC0-301F-11D3-BF4B-00C04F79EFBC}") = "ATM.API.Domain", "src\ATM.API.Domain\ATM.API.Domain.csproj", "{F8268696-23E3-460A-9789-C2B4720A8EB0}"
EndProject
Project("{FAE04EC0-301F-11D3-BF4B-00C04F79EFBC}") = "ATM.API.Infrastructure", "src\ATM.API.Infrastructure\ATM.API.Infrastructure.csproj", "{89B2305E-8CED-4A58-9CEA-73C81ACABB79}"
EndProject
Project("{FAE04EC0-301F-11D3-BF4B-00C04F79EFBC}") = "ATM.API.Application", "ATM.API.Application\ATM.API.Application.csproj", "{14779670-6BA1-4C4B-9AF5-D53990338C5F}"
EndProject
Global
	GlobalSection(SolutionConfigurationPlatforms) = preSolution
		Debug|Any CPU = Debug|Any CPU
		Release|Any CPU = Release|Any CPU
	EndGlobalSection
	GlobalSection(ProjectConfigurationPlatforms) = postSolution
		{06059E60-CC5B-40E4-968D-9DB33CAD6100}.Debug|Any CPU.ActiveCfg = Debug|Any CPU
		{06059E60-CC5B-40E4-968D-9DB33CAD6100}.Debug|Any CPU.Build.0 = Debug|Any CPU
		{06059E60-CC5B-40E4-968D-9DB33CAD6100}.Release|Any CPU.ActiveCfg = Release|Any CPU
		{06059E60-CC5B-40E4-968D-9DB33CAD6100}.Release|Any CPU.Build.0 = Release|Any CPU
		{F8268696-23E3-460A-9789-C2B4720A8EB0}.Debug|Any CPU.ActiveCfg = Debug|Any CPU
		{F8268696-23E3-460A-9789-C2B4720A8EB0}.Debug|Any CPU.Build.0 = Debug|Any CPU
		{F8268696-23E3-460A-9789-C2B4720A8EB0}.Release|Any CPU.ActiveCfg = Release|Any CPU
		{F8268696-23E3-460A-9789-C2B4720A8EB0}.Release|Any CPU.Build.0 = Release|Any CPU
		{89B2305E-8CED-4A58-9CEA-73C81ACABB79}.Debug|Any CPU.ActiveCfg = Debug|Any CPU
		{89B2305E-8CED-4A58-9CEA-73C81ACABB79}.Debug|Any CPU.Build.0 = Debug|Any CPU
		{89B2305E-8CED-4A58-9CEA-73C81ACABB79}.Release|Any CPU.ActiveCfg = Release|Any CPU
		{89B2305E-8CED-4A58-9CEA-73C81ACABB79}.Release|Any CPU.Build.0 = Release|Any CPU
		{14779670-6BA1-4C4B-9AF5-D53990338C5F}.Debug|Any CPU.ActiveCfg = Debug|Any CPU
		{14779670-6BA1-4C4B-9AF5-D53990338C5F}.Debug|Any CPU.Build.0 = Debug|Any CPU
		{14779670-6BA1-4C4B-9AF5-D53990338C5F}.Release|Any CPU.ActiveCfg = Release|Any CPU
		{14779670-6BA1-4C4B-9AF5-D53990338C5F}.Release|Any CPU.Build.0 = Release|Any CPU
	EndGlobalSection
	GlobalSection(SolutionProperties) = preSolution
		HideSolutionNode = FALSE
	EndGlobalSection
	GlobalSection(ExtensibilityGlobals) = postSolution
		SolutionGuid = {FA210BDE-BCA2-4D98-82F7-81D2AA0D53FB}
	EndGlobalSection
EndGlobal
